// !$*UTF8*$!
{
	archiveVersion = 1;
	classes = {
	};
	objectVersion = 51;
	objects = {

/* Begin PBXBuildFile section */
		049D47DC2726E05B00B6DA3C /* AppDelegate.swift in Sources */ = {isa = PBXBuildFile; fileRef = 049D47DB2726E05B00B6DA3C /* AppDelegate.swift */; };
		049D47DE2726E05B00B6DA3C /* SceneDelegate.swift in Sources */ = {isa = PBXBuildFile; fileRef = 049D47DD2726E05B00B6DA3C /* SceneDelegate.swift */; };
		049D47E02726E05B00B6DA3C /* SearchViewController.swift in Sources */ = {isa = PBXBuildFile; fileRef = 049D47DF2726E05B00B6DA3C /* SearchViewController.swift */; };
		049D47E32726E05B00B6DA3C /* Main.storyboard in Resources */ = {isa = PBXBuildFile; fileRef = 049D47E12726E05B00B6DA3C /* Main.storyboard */; };
		049D47E52726E05F00B6DA3C /* Assets.xcassets in Resources */ = {isa = PBXBuildFile; fileRef = 049D47E42726E05F00B6DA3C /* Assets.xcassets */; };
		049D47E82726E05F00B6DA3C /* LaunchScreen.storyboard in Resources */ = {isa = PBXBuildFile; fileRef = 049D47E62726E05F00B6DA3C /* LaunchScreen.storyboard */; };
		049D47F02726EAE600B6DA3C /* TabBarViewController.swift in Sources */ = {isa = PBXBuildFile; fileRef = 049D47EF2726EAE600B6DA3C /* TabBarViewController.swift */; };
		049D47FC27280A2E00B6DA3C /* SmallPlayerView.swift in Sources */ = {isa = PBXBuildFile; fileRef = 049D47FB27280A2E00B6DA3C /* SmallPlayerView.swift */; };
		049D47FE27280A6600B6DA3C /* SmallPlayerView.xib in Resources */ = {isa = PBXBuildFile; fileRef = 049D47FD27280A6500B6DA3C /* SmallPlayerView.xib */; };
		049D480127286D3900B6DA3C /* PlaylistTableViewController.swift in Sources */ = {isa = PBXBuildFile; fileRef = 049D480027286D3900B6DA3C /* PlaylistTableViewController.swift */; };
		049D480327286D5900B6DA3C /* DetailViewController.swift in Sources */ = {isa = PBXBuildFile; fileRef = 049D480227286D5900B6DA3C /* DetailViewController.swift */; };
		184CE18927270C8D0088044C /* ApiService.swift in Sources */ = {isa = PBXBuildFile; fileRef = 184CE18827270C8D0088044C /* ApiService.swift */; };
		184CE18B272717680088044C /* PodcastModel.swift in Sources */ = {isa = PBXBuildFile; fileRef = 184CE18A272717680088044C /* PodcastModel.swift */; };
		184CE18D272717B20088044C /* PodacstData.swift in Sources */ = {isa = PBXBuildFile; fileRef = 184CE18C272717B20088044C /* PodacstData.swift */; };
		3FBCF1C2272847F100B70522 /* PodcastCell.swift in Sources */ = {isa = PBXBuildFile; fileRef = 3FBCF1C0272847F100B70522 /* PodcastCell.swift */; };
		3FBCF1C3272847F100B70522 /* PodcastCell.xib in Resources */ = {isa = PBXBuildFile; fileRef = 3FBCF1C1272847F100B70522 /* PodcastCell.xib */; };
		3FBCF1C72728482A00B70522 /* PodcastByAuthorCell.swift in Sources */ = {isa = PBXBuildFile; fileRef = 3FBCF1C52728482A00B70522 /* PodcastByAuthorCell.swift */; };
		3FBCF1C82728482A00B70522 /* PodcastByAuthorCell.xib in Resources */ = {isa = PBXBuildFile; fileRef = 3FBCF1C62728482A00B70522 /* PodcastByAuthorCell.xib */; };
		18A500612727FA3800CD3F0C /* RegistrationViewController.swift in Sources */ = {isa = PBXBuildFile; fileRef = 18A5005E2727FA3800CD3F0C /* RegistrationViewController.swift */; };
		18A5006C2728490E00CD3F0C /* Podfile in Resources */ = {isa = PBXBuildFile; fileRef = 18A5006B2728490E00CD3F0C /* Podfile */; };
		18A5006E27284BA100CD3F0C /* GoogleService-Info.plist in Resources */ = {isa = PBXBuildFile; fileRef = 18A5006D27284BA100CD3F0C /* GoogleService-Info.plist */; };
		18D1E5BD2729339F00A1BD4B /* MyAlert.swift in Sources */ = {isa = PBXBuildFile; fileRef = 18D1E5BC2729339F00A1BD4B /* MyAlert.swift */; };
		18D1E5BF272933B600A1BD4B /* MyActionSheet.swift in Sources */ = {isa = PBXBuildFile; fileRef = 18D1E5BE272933B600A1BD4B /* MyActionSheet.swift */; };
		18D1E5C32729441F00A1BD4B /* MyAddGestureRecognizer.swift in Sources */ = {isa = PBXBuildFile; fileRef = 18D1E5C12729441F00A1BD4B /* MyAddGestureRecognizer.swift */; };
		18D1E5C42729441F00A1BD4B /* MyLongPressGestureRecognizer.swift in Sources */ = {isa = PBXBuildFile; fileRef = 18D1E5C22729441F00A1BD4B /* MyLongPressGestureRecognizer.swift */; };
		40C7A47D0675B0F12895CF45 /* Pods_Podcasts.framework in Frameworks */ = {isa = PBXBuildFile; fileRef = 7228A46944BB64D3CDDE354E /* Pods_Podcasts.framework */; };
/* End PBXBuildFile section */

/* Begin PBXFileReference section */
		00F531523154C13479CB9139 /* Pods-Podcasts.release.xcconfig */ = {isa = PBXFileReference; includeInIndex = 1; lastKnownFileType = text.xcconfig; name = "Pods-Podcasts.release.xcconfig"; path = "Target Support Files/Pods-Podcasts/Pods-Podcasts.release.xcconfig"; sourceTree = "<group>"; };
		049D47D82726E05B00B6DA3C /* Podcasts.app */ = {isa = PBXFileReference; explicitFileType = wrapper.application; includeInIndex = 0; path = Podcasts.app; sourceTree = BUILT_PRODUCTS_DIR; };
		049D47DB2726E05B00B6DA3C /* AppDelegate.swift */ = {isa = PBXFileReference; lastKnownFileType = sourcecode.swift; path = AppDelegate.swift; sourceTree = "<group>"; };
		049D47DD2726E05B00B6DA3C /* SceneDelegate.swift */ = {isa = PBXFileReference; lastKnownFileType = sourcecode.swift; path = SceneDelegate.swift; sourceTree = "<group>"; };
		049D47DF2726E05B00B6DA3C /* SearchViewController.swift */ = {isa = PBXFileReference; lastKnownFileType = sourcecode.swift; path = SearchViewController.swift; sourceTree = "<group>"; };
		049D47E22726E05B00B6DA3C /* Base */ = {isa = PBXFileReference; lastKnownFileType = file.storyboard; name = Base; path = Base.lproj/Main.storyboard; sourceTree = "<group>"; };
		049D47E42726E05F00B6DA3C /* Assets.xcassets */ = {isa = PBXFileReference; lastKnownFileType = folder.assetcatalog; path = Assets.xcassets; sourceTree = "<group>"; };
		049D47E72726E05F00B6DA3C /* Base */ = {isa = PBXFileReference; lastKnownFileType = file.storyboard; name = Base; path = Base.lproj/LaunchScreen.storyboard; sourceTree = "<group>"; };
		049D47E92726E05F00B6DA3C /* Info.plist */ = {isa = PBXFileReference; lastKnownFileType = text.plist.xml; path = Info.plist; sourceTree = "<group>"; };
		049D47EF2726EAE600B6DA3C /* TabBarViewController.swift */ = {isa = PBXFileReference; lastKnownFileType = sourcecode.swift; path = TabBarViewController.swift; sourceTree = "<group>"; };
		049D47FB27280A2E00B6DA3C /* SmallPlayerView.swift */ = {isa = PBXFileReference; lastKnownFileType = sourcecode.swift; path = SmallPlayerView.swift; sourceTree = "<group>"; };
		049D47FD27280A6500B6DA3C /* SmallPlayerView.xib */ = {isa = PBXFileReference; lastKnownFileType = file.xib; path = SmallPlayerView.xib; sourceTree = "<group>"; };
		049D480027286D3900B6DA3C /* PlaylistTableViewController.swift */ = {isa = PBXFileReference; lastKnownFileType = sourcecode.swift; path = PlaylistTableViewController.swift; sourceTree = "<group>"; };
		049D480227286D5900B6DA3C /* DetailViewController.swift */ = {isa = PBXFileReference; lastKnownFileType = sourcecode.swift; path = DetailViewController.swift; sourceTree = "<group>"; };
		184CE18827270C8D0088044C /* ApiService.swift */ = {isa = PBXFileReference; lastKnownFileType = sourcecode.swift; path = ApiService.swift; sourceTree = "<group>"; };
		184CE18A272717680088044C /* PodcastModel.swift */ = {isa = PBXFileReference; lastKnownFileType = sourcecode.swift; path = PodcastModel.swift; sourceTree = "<group>"; };
		184CE18C272717B20088044C /* PodacstData.swift */ = {isa = PBXFileReference; lastKnownFileType = sourcecode.swift; path = PodacstData.swift; sourceTree = "<group>"; };
		3FBCF1C0272847F100B70522 /* PodcastCell.swift */ = {isa = PBXFileReference; lastKnownFileType = sourcecode.swift; path = PodcastCell.swift; sourceTree = "<group>"; };
		3FBCF1C1272847F100B70522 /* PodcastCell.xib */ = {isa = PBXFileReference; lastKnownFileType = file.xib; path = PodcastCell.xib; sourceTree = "<group>"; };
		3FBCF1C52728482A00B70522 /* PodcastByAuthorCell.swift */ = {isa = PBXFileReference; lastKnownFileType = sourcecode.swift; path = PodcastByAuthorCell.swift; sourceTree = "<group>"; };
		3FBCF1C62728482A00B70522 /* PodcastByAuthorCell.xib */ = {isa = PBXFileReference; lastKnownFileType = file.xib; path = PodcastByAuthorCell.xib; sourceTree = "<group>"; };
		18A5005E2727FA3800CD3F0C /* RegistrationViewController.swift */ = {isa = PBXFileReference; fileEncoding = 4; lastKnownFileType = sourcecode.swift; path = RegistrationViewController.swift; sourceTree = "<group>"; };
		18A5006D27284BA100CD3F0C /* GoogleService-Info.plist */ = {isa = PBXFileReference; fileEncoding = 4; lastKnownFileType = text.plist.xml; path = "GoogleService-Info.plist"; sourceTree = "<group>"; };
		18D1E5BC2729339F00A1BD4B /* MyAlert.swift */ = {isa = PBXFileReference; lastKnownFileType = sourcecode.swift; path = MyAlert.swift; sourceTree = "<group>"; };
		18D1E5BE272933B600A1BD4B /* MyActionSheet.swift */ = {isa = PBXFileReference; lastKnownFileType = sourcecode.swift; path = MyActionSheet.swift; sourceTree = "<group>"; };
		18D1E5C12729441F00A1BD4B /* MyAddGestureRecognizer.swift */ = {isa = PBXFileReference; fileEncoding = 4; lastKnownFileType = sourcecode.swift; path = MyAddGestureRecognizer.swift; sourceTree = "<group>"; };
		18D1E5C22729441F00A1BD4B /* MyLongPressGestureRecognizer.swift */ = {isa = PBXFileReference; fileEncoding = 4; lastKnownFileType = sourcecode.swift; path = MyLongPressGestureRecognizer.swift; sourceTree = "<group>"; };
		613855CB045635B5A47619F6 /* Pods-Podcasts.debug.xcconfig */ = {isa = PBXFileReference; includeInIndex = 1; lastKnownFileType = text.xcconfig; name = "Pods-Podcasts.debug.xcconfig"; path = "Target Support Files/Pods-Podcasts/Pods-Podcasts.debug.xcconfig"; sourceTree = "<group>"; };
		7228A46944BB64D3CDDE354E /* Pods_Podcasts.framework */ = {isa = PBXFileReference; explicitFileType = wrapper.framework; includeInIndex = 0; path = Pods_Podcasts.framework; sourceTree = BUILT_PRODUCTS_DIR; };
/* End PBXFileReference section */

/* Begin PBXFrameworksBuildPhase section */
		049D47D52726E05B00B6DA3C /* Frameworks */ = {
			isa = PBXFrameworksBuildPhase;
			buildActionMask = 2147483647;
			files = (
				40C7A47D0675B0F12895CF45 /* Pods_Podcasts.framework in Frameworks */,
			);
			runOnlyForDeploymentPostprocessing = 0;
		};
/* End PBXFrameworksBuildPhase section */

/* Begin PBXGroup section */
		049D47CF2726E05B00B6DA3C = {
			isa = PBXGroup;
			children = (
				18A5006B2728490E00CD3F0C /* Podfile */,
				049D47DA2726E05B00B6DA3C /* Podcasts */,
				049D47D92726E05B00B6DA3C /* Products */,
				26863FFB79128477A1FFB53A /* Pods */,
				CCDCF774A59BD355FAF81CD1 /* Frameworks */,
			);
			sourceTree = "<group>";
		};
		049D47D92726E05B00B6DA3C /* Products */ = {
			isa = PBXGroup;
			children = (
				049D47D82726E05B00B6DA3C /* Podcasts.app */,
			);
			name = Products;
			sourceTree = "<group>";
		};
		049D47DA2726E05B00B6DA3C /* Podcasts */ = {
			isa = PBXGroup;
			children = (
				184CE19027271D9D0088044C /* Resourses */,
				184CE19127271DAE0088044C /* Helpers */,
				184CE18E27271D7B0088044C /* Model */,
				184CE18F27271D8D0088044C /* View */,
				049D47E12726E05B00B6DA3C /* Main.storyboard */,
				049D47E92726E05F00B6DA3C /* Info.plist */,
			);
			path = Podcasts;
			sourceTree = "<group>";
		};
		049D47FF27286CA100B6DA3C /* Player */ = {
			isa = PBXGroup;
			children = (
				049D47FB27280A2E00B6DA3C /* SmallPlayerView.swift */,
				049D47FD27280A6500B6DA3C /* SmallPlayerView.xib */,
			);
			path = Player;
			sourceTree = "<group>";
		};
		049D480427286D6300B6DA3C /* ViewControllers */ = {
			isa = PBXGroup;
			children = (
				049D47DF2726E05B00B6DA3C /* SearchViewController.swift */,
				049D47EF2726EAE600B6DA3C /* TabBarViewController.swift */,
				049D480027286D3900B6DA3C /* PlaylistTableViewController.swift */,
				049D480227286D5900B6DA3C /* DetailViewController.swift */,
			);
			path = ViewControllers;
			sourceTree = "<group>";
		};
		184CE18E27271D7B0088044C /* Model */ = {
			isa = PBXGroup;
			children = (
				184CE18A272717680088044C /* PodcastModel.swift */,
				184CE18C272717B20088044C /* PodacstData.swift */,
			);
			path = Model;
			sourceTree = "<group>";
		};
		184CE18F27271D8D0088044C /* View */ = {
			isa = PBXGroup;
			children = (
				3FBCF1BF272847E400B70522 /* Cells */,
				049D47FF27286CA100B6DA3C /* Player */,
				049D480427286D6300B6DA3C /* ViewControllers */,
			);
			path = View;
			sourceTree = "<group>";
		};
		184CE19027271D9D0088044C /* Resourses */ = {
			isa = PBXGroup;
			children = (
				049D47DB2726E05B00B6DA3C /* AppDelegate.swift */,
				049D47DD2726E05B00B6DA3C /* SceneDelegate.swift */,
				049D47DF2726E05B00B6DA3C /* ViewController.swift */,
				18A5006F2728503800CD3F0C /* Registration */,
				049D47E42726E05F00B6DA3C /* Assets.xcassets */,
				049D47E12726E05B00B6DA3C /* Main.storyboard */,
				049D47E62726E05F00B6DA3C /* LaunchScreen.storyboard */,
				049D47E92726E05F00B6DA3C /* Info.plist */,
				18A5006D27284BA100CD3F0C /* GoogleService-Info.plist */,
			);
			path = Resourses;
			sourceTree = "<group>";
		};
		184CE19127271DAE0088044C /* Helpers */ = {
			isa = PBXGroup;
			children = (
				184CE18827270C8D0088044C /* ApiService.swift */,
			);
			path = Helpers;
			sourceTree = "<group>";
		};
		3FBCF1BF272847E400B70522 /* Cells */ = {
			isa = PBXGroup;
			children = (
				3FBCF1C0272847F100B70522 /* PodcastCell.swift */,
				3FBCF1C1272847F100B70522 /* PodcastCell.xib */,
				3FBCF1C52728482A00B70522 /* PodcastByAuthorCell.swift */,
				3FBCF1C62728482A00B70522 /* PodcastByAuthorCell.xib */,
			);
			path = Cells;
			sourceTree = "<group>";
		};
		18A5006F2728503800CD3F0C /* Registration */ = {
			isa = PBXGroup;
			children = (
				18D1E5C0272933CF00A1BD4B /* Alert */,
				18A5005E2727FA3800CD3F0C /* RegistrationViewController.swift */,
			);
			path = Registration;
			sourceTree = "<group>";
		};
		18D1E5C0272933CF00A1BD4B /* Alert */ = {
			isa = PBXGroup;
			children = (
				18D1E5C52729442800A1BD4B /* Gestures */,
				18D1E5C6272948C900A1BD4B /* Alert */,
			);
			path = Alert;
			sourceTree = "<group>";
		};
		18D1E5C52729442800A1BD4B /* Gestures */ = {
			isa = PBXGroup;
			children = (
				18D1E5C12729441F00A1BD4B /* MyAddGestureRecognizer.swift */,
				18D1E5C22729441F00A1BD4B /* MyLongPressGestureRecognizer.swift */,
			);
			path = Gestures;
			sourceTree = "<group>";
		};
		18D1E5C6272948C900A1BD4B /* Alert */ = {
			isa = PBXGroup;
			children = (
				18D1E5BC2729339F00A1BD4B /* MyAlert.swift */,
				18D1E5BE272933B600A1BD4B /* MyActionSheet.swift */,
			);
			path = Alert;
			sourceTree = "<group>";
		};
		26863FFB79128477A1FFB53A /* Pods */ = {
			isa = PBXGroup;
			children = (
				613855CB045635B5A47619F6 /* Pods-Podcasts.debug.xcconfig */,
				00F531523154C13479CB9139 /* Pods-Podcasts.release.xcconfig */,
			);
			path = Pods;
			sourceTree = "<group>";
		};
		CCDCF774A59BD355FAF81CD1 /* Frameworks */ = {
			isa = PBXGroup;
			children = (
				7228A46944BB64D3CDDE354E /* Pods_Podcasts.framework */,
			);
			name = Frameworks;
			sourceTree = "<group>";
		};
/* End PBXGroup section */

/* Begin PBXNativeTarget section */
		049D47D72726E05B00B6DA3C /* Podcasts */ = {
			isa = PBXNativeTarget;
			buildConfigurationList = 049D47EC2726E05F00B6DA3C /* Build configuration list for PBXNativeTarget "Podcasts" */;
			buildPhases = (
				13FC4B99F23086B5FA97A116 /* [CP] Check Pods Manifest.lock */,
				049D47D42726E05B00B6DA3C /* Sources */,
				049D47D52726E05B00B6DA3C /* Frameworks */,
				049D47D62726E05B00B6DA3C /* Resources */,
				83141E81714BAED9C25817F1 /* [CP] Embed Pods Frameworks */,
			);
			buildRules = (
			);
			dependencies = (
			);
			name = Podcasts;
			productName = Podcasts;
			productReference = 049D47D82726E05B00B6DA3C /* Podcasts.app */;
			productType = "com.apple.product-type.application";
		};
/* End PBXNativeTarget section */

/* Begin PBXProject section */
		049D47D02726E05B00B6DA3C /* Project object */ = {
			isa = PBXProject;
			attributes = {
				LastSwiftUpdateCheck = 1250;
				LastUpgradeCheck = 1250;
				TargetAttributes = {
					049D47D72726E05B00B6DA3C = {
						CreatedOnToolsVersion = 12.5.1;
					};
				};
			};
			buildConfigurationList = 049D47D32726E05B00B6DA3C /* Build configuration list for PBXProject "Podcasts" */;
			compatibilityVersion = "Xcode 9.3";
			developmentRegion = en;
			hasScannedForEncodings = 0;
			knownRegions = (
				en,
				Base,
			);
			mainGroup = 049D47CF2726E05B00B6DA3C;
			productRefGroup = 049D47D92726E05B00B6DA3C /* Products */;
			projectDirPath = "";
			projectRoot = "";
			targets = (
				049D47D72726E05B00B6DA3C /* Podcasts */,
			);
		};
/* End PBXProject section */

/* Begin PBXResourcesBuildPhase section */
		049D47D62726E05B00B6DA3C /* Resources */ = {
			isa = PBXResourcesBuildPhase;
			buildActionMask = 2147483647;
			files = (
				18A5006C2728490E00CD3F0C /* Podfile in Resources */,
				049D47E82726E05F00B6DA3C /* LaunchScreen.storyboard in Resources */,
				049D47FE27280A6600B6DA3C /* SmallPlayerView.xib in Resources */,
				049D47E52726E05F00B6DA3C /* Assets.xcassets in Resources */,
				3FBCF1C82728482A00B70522 /* PodcastByAuthorCell.xib in Resources */,
				3FBCF1C3272847F100B70522 /* PodcastCell.xib in Resources */,
				049D47E32726E05B00B6DA3C /* Main.storyboard in Resources */,
				18A5006E27284BA100CD3F0C /* GoogleService-Info.plist in Resources */,
			);
			runOnlyForDeploymentPostprocessing = 0;
		};
/* End PBXResourcesBuildPhase section */

/* Begin PBXShellScriptBuildPhase section */
		13FC4B99F23086B5FA97A116 /* [CP] Check Pods Manifest.lock */ = {
			isa = PBXShellScriptBuildPhase;
			buildActionMask = 2147483647;
			files = (
			);
			inputFileListPaths = (
			);
			inputPaths = (
				"${PODS_PODFILE_DIR_PATH}/Podfile.lock",
				"${PODS_ROOT}/Manifest.lock",
			);
			name = "[CP] Check Pods Manifest.lock";
			outputFileListPaths = (
			);
			outputPaths = (
				"$(DERIVED_FILE_DIR)/Pods-Podcasts-checkManifestLockResult.txt",
			);
			runOnlyForDeploymentPostprocessing = 0;
			shellPath = /bin/sh;
			shellScript = "diff \"${PODS_PODFILE_DIR_PATH}/Podfile.lock\" \"${PODS_ROOT}/Manifest.lock\" > /dev/null\nif [ $? != 0 ] ; then\n    # print error to STDERR\n    echo \"error: The sandbox is not in sync with the Podfile.lock. Run 'pod install' or update your CocoaPods installation.\" >&2\n    exit 1\nfi\n# This output is used by Xcode 'outputs' to avoid re-running this script phase.\necho \"SUCCESS\" > \"${SCRIPT_OUTPUT_FILE_0}\"\n";
			showEnvVarsInLog = 0;
		};
		83141E81714BAED9C25817F1 /* [CP] Embed Pods Frameworks */ = {
			isa = PBXShellScriptBuildPhase;
			buildActionMask = 2147483647;
			files = (
			);
			inputFileListPaths = (
				"${PODS_ROOT}/Target Support Files/Pods-Podcasts/Pods-Podcasts-frameworks-${CONFIGURATION}-input-files.xcfilelist",
			);
			name = "[CP] Embed Pods Frameworks";
			outputFileListPaths = (
				"${PODS_ROOT}/Target Support Files/Pods-Podcasts/Pods-Podcasts-frameworks-${CONFIGURATION}-output-files.xcfilelist",
			);
			runOnlyForDeploymentPostprocessing = 0;
			shellPath = /bin/sh;
			shellScript = "\"${PODS_ROOT}/Target Support Files/Pods-Podcasts/Pods-Podcasts-frameworks.sh\"\n";
			showEnvVarsInLog = 0;
		};
/* End PBXShellScriptBuildPhase section */

/* Begin PBXSourcesBuildPhase section */
		049D47D42726E05B00B6DA3C /* Sources */ = {
			isa = PBXSourcesBuildPhase;
			buildActionMask = 2147483647;
			files = (
				049D480327286D5900B6DA3C /* DetailViewController.swift in Sources */,
				3FBCF1C72728482A00B70522 /* PodcastByAuthorCell.swift in Sources */,
				3FBCF1C2272847F100B70522 /* PodcastCell.swift in Sources */,
				049D47E02726E05B00B6DA3C /* SearchViewController.swift in Sources */,
				184CE18D272717B20088044C /* PodacstData.swift in Sources */,
				184CE18927270C8D0088044C /* ApiService.swift in Sources */,
				049D47F02726EAE600B6DA3C /* TabBarViewController.swift in Sources */,
				049D480127286D3900B6DA3C /* PlaylistTableViewController.swift in Sources */,
				049D47DC2726E05B00B6DA3C /* AppDelegate.swift in Sources */,
				049D47FC27280A2E00B6DA3C /* SmallPlayerView.swift in Sources */,
				184CE18B272717680088044C /* PodcastModel.swift in Sources */,
				18A500612727FA3800CD3F0C /* RegistrationViewController.swift in Sources */,
				049D47DC2726E05B00B6DA3C /* AppDelegate.swift in Sources */,
				18D1E5C42729441F00A1BD4B /* MyLongPressGestureRecognizer.swift in Sources */,
				18D1E5C32729441F00A1BD4B /* MyAddGestureRecognizer.swift in Sources */,
				18D1E5BD2729339F00A1BD4B /* MyAlert.swift in Sources */,
				049D47DE2726E05B00B6DA3C /* SceneDelegate.swift in Sources */,
				18D1E5BF272933B600A1BD4B /* MyActionSheet.swift in Sources */,
			);
			runOnlyForDeploymentPostprocessing = 0;
		};
/* End PBXSourcesBuildPhase section */

/* Begin PBXVariantGroup section */
		049D47E12726E05B00B6DA3C /* Main.storyboard */ = {
			isa = PBXVariantGroup;
			children = (
				049D47E22726E05B00B6DA3C /* Base */,
			);
			name = Main.storyboard;
			sourceTree = "<group>";
		};
		049D47E62726E05F00B6DA3C /* LaunchScreen.storyboard */ = {
			isa = PBXVariantGroup;
			children = (
				049D47E72726E05F00B6DA3C /* Base */,
			);
			name = LaunchScreen.storyboard;
			sourceTree = "<group>";
		};
/* End PBXVariantGroup section */

/* Begin XCBuildConfiguration section */
		049D47EA2726E05F00B6DA3C /* Debug */ = {
			isa = XCBuildConfiguration;
			buildSettings = {
				ALWAYS_SEARCH_USER_PATHS = NO;
				CLANG_ANALYZER_NONNULL = YES;
				CLANG_ANALYZER_NUMBER_OBJECT_CONVERSION = YES_AGGRESSIVE;
				CLANG_CXX_LANGUAGE_STANDARD = "gnu++14";
				CLANG_CXX_LIBRARY = "libc++";
				CLANG_ENABLE_MODULES = YES;
				CLANG_ENABLE_OBJC_ARC = YES;
				CLANG_ENABLE_OBJC_WEAK = YES;
				CLANG_WARN_BLOCK_CAPTURE_AUTORELEASING = YES;
				CLANG_WARN_BOOL_CONVERSION = YES;
				CLANG_WARN_COMMA = YES;
				CLANG_WARN_CONSTANT_CONVERSION = YES;
				CLANG_WARN_DEPRECATED_OBJC_IMPLEMENTATIONS = YES;
				CLANG_WARN_DIRECT_OBJC_ISA_USAGE = YES_ERROR;
				CLANG_WARN_DOCUMENTATION_COMMENTS = YES;
				CLANG_WARN_EMPTY_BODY = YES;
				CLANG_WARN_ENUM_CONVERSION = YES;
				CLANG_WARN_INFINITE_RECURSION = YES;
				CLANG_WARN_INT_CONVERSION = YES;
				CLANG_WARN_NON_LITERAL_NULL_CONVERSION = YES;
				CLANG_WARN_OBJC_IMPLICIT_RETAIN_SELF = YES;
				CLANG_WARN_OBJC_LITERAL_CONVERSION = YES;
				CLANG_WARN_OBJC_ROOT_CLASS = YES_ERROR;
				CLANG_WARN_QUOTED_INCLUDE_IN_FRAMEWORK_HEADER = YES;
				CLANG_WARN_RANGE_LOOP_ANALYSIS = YES;
				CLANG_WARN_STRICT_PROTOTYPES = YES;
				CLANG_WARN_SUSPICIOUS_MOVE = YES;
				CLANG_WARN_UNGUARDED_AVAILABILITY = YES_AGGRESSIVE;
				CLANG_WARN_UNREACHABLE_CODE = YES;
				CLANG_WARN__DUPLICATE_METHOD_MATCH = YES;
				COPY_PHASE_STRIP = NO;
				DEBUG_INFORMATION_FORMAT = dwarf;
				ENABLE_STRICT_OBJC_MSGSEND = YES;
				ENABLE_TESTABILITY = YES;
				GCC_C_LANGUAGE_STANDARD = gnu11;
				GCC_DYNAMIC_NO_PIC = NO;
				GCC_NO_COMMON_BLOCKS = YES;
				GCC_OPTIMIZATION_LEVEL = 0;
				GCC_PREPROCESSOR_DEFINITIONS = (
					"DEBUG=1",
					"$(inherited)",
				);
				GCC_WARN_64_TO_32_BIT_CONVERSION = YES;
				GCC_WARN_ABOUT_RETURN_TYPE = YES_ERROR;
				GCC_WARN_UNDECLARED_SELECTOR = YES;
				GCC_WARN_UNINITIALIZED_AUTOS = YES_AGGRESSIVE;
				GCC_WARN_UNUSED_FUNCTION = YES;
				GCC_WARN_UNUSED_VARIABLE = YES;
				IPHONEOS_DEPLOYMENT_TARGET = 14.5;
				MTL_ENABLE_DEBUG_INFO = INCLUDE_SOURCE;
				MTL_FAST_MATH = YES;
				ONLY_ACTIVE_ARCH = YES;
				SDKROOT = iphoneos;
				SWIFT_ACTIVE_COMPILATION_CONDITIONS = DEBUG;
				SWIFT_OPTIMIZATION_LEVEL = "-Onone";
			};
			name = Debug;
		};
		049D47EB2726E05F00B6DA3C /* Release */ = {
			isa = XCBuildConfiguration;
			buildSettings = {
				ALWAYS_SEARCH_USER_PATHS = NO;
				CLANG_ANALYZER_NONNULL = YES;
				CLANG_ANALYZER_NUMBER_OBJECT_CONVERSION = YES_AGGRESSIVE;
				CLANG_CXX_LANGUAGE_STANDARD = "gnu++14";
				CLANG_CXX_LIBRARY = "libc++";
				CLANG_ENABLE_MODULES = YES;
				CLANG_ENABLE_OBJC_ARC = YES;
				CLANG_ENABLE_OBJC_WEAK = YES;
				CLANG_WARN_BLOCK_CAPTURE_AUTORELEASING = YES;
				CLANG_WARN_BOOL_CONVERSION = YES;
				CLANG_WARN_COMMA = YES;
				CLANG_WARN_CONSTANT_CONVERSION = YES;
				CLANG_WARN_DEPRECATED_OBJC_IMPLEMENTATIONS = YES;
				CLANG_WARN_DIRECT_OBJC_ISA_USAGE = YES_ERROR;
				CLANG_WARN_DOCUMENTATION_COMMENTS = YES;
				CLANG_WARN_EMPTY_BODY = YES;
				CLANG_WARN_ENUM_CONVERSION = YES;
				CLANG_WARN_INFINITE_RECURSION = YES;
				CLANG_WARN_INT_CONVERSION = YES;
				CLANG_WARN_NON_LITERAL_NULL_CONVERSION = YES;
				CLANG_WARN_OBJC_IMPLICIT_RETAIN_SELF = YES;
				CLANG_WARN_OBJC_LITERAL_CONVERSION = YES;
				CLANG_WARN_OBJC_ROOT_CLASS = YES_ERROR;
				CLANG_WARN_QUOTED_INCLUDE_IN_FRAMEWORK_HEADER = YES;
				CLANG_WARN_RANGE_LOOP_ANALYSIS = YES;
				CLANG_WARN_STRICT_PROTOTYPES = YES;
				CLANG_WARN_SUSPICIOUS_MOVE = YES;
				CLANG_WARN_UNGUARDED_AVAILABILITY = YES_AGGRESSIVE;
				CLANG_WARN_UNREACHABLE_CODE = YES;
				CLANG_WARN__DUPLICATE_METHOD_MATCH = YES;
				COPY_PHASE_STRIP = NO;
				DEBUG_INFORMATION_FORMAT = "dwarf-with-dsym";
				ENABLE_NS_ASSERTIONS = NO;
				ENABLE_STRICT_OBJC_MSGSEND = YES;
				GCC_C_LANGUAGE_STANDARD = gnu11;
				GCC_NO_COMMON_BLOCKS = YES;
				GCC_WARN_64_TO_32_BIT_CONVERSION = YES;
				GCC_WARN_ABOUT_RETURN_TYPE = YES_ERROR;
				GCC_WARN_UNDECLARED_SELECTOR = YES;
				GCC_WARN_UNINITIALIZED_AUTOS = YES_AGGRESSIVE;
				GCC_WARN_UNUSED_FUNCTION = YES;
				GCC_WARN_UNUSED_VARIABLE = YES;
				IPHONEOS_DEPLOYMENT_TARGET = 14.5;
				MTL_ENABLE_DEBUG_INFO = NO;
				MTL_FAST_MATH = YES;
				SDKROOT = iphoneos;
				SWIFT_COMPILATION_MODE = wholemodule;
				SWIFT_OPTIMIZATION_LEVEL = "-O";
				VALIDATE_PRODUCT = YES;
			};
			name = Release;
		};
		049D47ED2726E05F00B6DA3C /* Debug */ = {
			isa = XCBuildConfiguration;
			baseConfigurationReference = 613855CB045635B5A47619F6 /* Pods-Podcasts.debug.xcconfig */;
			buildSettings = {
				ASSETCATALOG_COMPILER_APPICON_NAME = AppIcon;
				ASSETCATALOG_COMPILER_GLOBAL_ACCENT_COLOR_NAME = AccentColor;
				CODE_SIGN_IDENTITY = "Apple Development";
				CODE_SIGN_STYLE = Automatic;
				DEVELOPMENT_TEAM = R6BUN55S84;
				INFOPLIST_FILE = Podcasts/Info.plist;
				IPHONEOS_DEPLOYMENT_TARGET = 13.0;
				LD_RUNPATH_SEARCH_PATHS = (
					"$(inherited)",
					"@executable_path/Frameworks",
				);
				PRODUCT_BUNDLE_IDENTIFIER = ivan.evs.Podcasts1;
				PRODUCT_NAME = "$(TARGET_NAME)";
				PROVISIONING_PROFILE_SPECIFIER = "";
				SWIFT_VERSION = 5.0;
				TARGETED_DEVICE_FAMILY = "1,2";
			};
			name = Debug;
		};
		049D47EE2726E05F00B6DA3C /* Release */ = {
			isa = XCBuildConfiguration;
			baseConfigurationReference = 00F531523154C13479CB9139 /* Pods-Podcasts.release.xcconfig */;
			buildSettings = {
				ASSETCATALOG_COMPILER_APPICON_NAME = AppIcon;
				ASSETCATALOG_COMPILER_GLOBAL_ACCENT_COLOR_NAME = AccentColor;
				CODE_SIGN_IDENTITY = "Apple Development";
				CODE_SIGN_STYLE = Automatic;
				DEVELOPMENT_TEAM = R6BUN55S84;
				INFOPLIST_FILE = Podcasts/Info.plist;
				IPHONEOS_DEPLOYMENT_TARGET = 13.0;
				LD_RUNPATH_SEARCH_PATHS = (
					"$(inherited)",
					"@executable_path/Frameworks",
				);
				PRODUCT_BUNDLE_IDENTIFIER = ivan.evs.Podcasts1;
				PRODUCT_NAME = "$(TARGET_NAME)";
				PROVISIONING_PROFILE_SPECIFIER = "";
				SWIFT_VERSION = 5.0;
				TARGETED_DEVICE_FAMILY = "1,2";
			};
			name = Release;
		};
/* End XCBuildConfiguration section */

/* Begin XCConfigurationList section */
		049D47D32726E05B00B6DA3C /* Build configuration list for PBXProject "Podcasts" */ = {
			isa = XCConfigurationList;
			buildConfigurations = (
				049D47EA2726E05F00B6DA3C /* Debug */,
				049D47EB2726E05F00B6DA3C /* Release */,
			);
			defaultConfigurationIsVisible = 0;
			defaultConfigurationName = Release;
		};
		049D47EC2726E05F00B6DA3C /* Build configuration list for PBXNativeTarget "Podcasts" */ = {
			isa = XCConfigurationList;
			buildConfigurations = (
				049D47ED2726E05F00B6DA3C /* Debug */,
				049D47EE2726E05F00B6DA3C /* Release */,
			);
			defaultConfigurationIsVisible = 0;
			defaultConfigurationName = Release;
		};
/* End XCConfigurationList section */
	};
	rootObject = 049D47D02726E05B00B6DA3C /* Project object */;
}
